// !$*UTF8*$!
{
	archiveVersion = 1;
	classes = {
	};
	objectVersion = 56;
	objects = {

/* Begin PBXBuildFile section */
		18963E48292BCFC600CC07F2 /* HomeProvider.swift in Sources */ = {isa = PBXBuildFile; fileRef = 18963E47292BCFC600CC07F2 /* HomeProvider.swift */; };
		18963E4A292BD32500CC07F2 /* HomePresenter.swift in Sources */ = {isa = PBXBuildFile; fileRef = 18963E49292BD32500CC07F2 /* HomePresenter.swift */; };
		18A0CF1E292545CE0042064A /* ServiceLayer.swift in Sources */ = {isa = PBXBuildFile; fileRef = 18A0CF1D292545CE0042064A /* ServiceLayer.swift */; };
		18A0CF20292545F10042064A /* NetworkError.swift in Sources */ = {isa = PBXBuildFile; fileRef = 18A0CF1F292545F10042064A /* NetworkError.swift */; };
		18A0CF22292547DD0042064A /* RequestModel.swift in Sources */ = {isa = PBXBuildFile; fileRef = 18A0CF21292547DD0042064A /* RequestModel.swift */; };
		18A0CF26292556EE0042064A /* Constants.swift in Sources */ = {isa = PBXBuildFile; fileRef = 18A0CF25292556EE0042064A /* Constants.swift */; };
		18AC665A291ED91D00E2D71B /* AppDelegate.swift in Sources */ = {isa = PBXBuildFile; fileRef = 18AC6659291ED91D00E2D71B /* AppDelegate.swift */; };
		18AC665C291ED91D00E2D71B /* SceneDelegate.swift in Sources */ = {isa = PBXBuildFile; fileRef = 18AC665B291ED91D00E2D71B /* SceneDelegate.swift */; };
		18AC665E291ED91D00E2D71B /* ViewController.swift in Sources */ = {isa = PBXBuildFile; fileRef = 18AC665D291ED91D00E2D71B /* ViewController.swift */; };
		18AC6661291ED91D00E2D71B /* Main.storyboard in Resources */ = {isa = PBXBuildFile; fileRef = 18AC665F291ED91D00E2D71B /* Main.storyboard */; };
		18AC6663291ED92000E2D71B /* Assets.xcassets in Resources */ = {isa = PBXBuildFile; fileRef = 18AC6662291ED92000E2D71B /* Assets.xcassets */; };
		18AC6666291ED92000E2D71B /* LaunchScreen.storyboard in Resources */ = {isa = PBXBuildFile; fileRef = 18AC6664291ED92000E2D71B /* LaunchScreen.storyboard */; };
		18AC66702922CF5300E2D71B /* PlaylistModel.swift in Sources */ = {isa = PBXBuildFile; fileRef = 18AC666F2922CF5300E2D71B /* PlaylistModel.swift */; };
		18AC66722922DDC000E2D71B /* VideoModel.swift in Sources */ = {isa = PBXBuildFile; fileRef = 18AC66712922DDC000E2D71B /* VideoModel.swift */; };
		18AC66742922E6A200E2D71B /* RootPageViewController.swift in Sources */ = {isa = PBXBuildFile; fileRef = 18AC66732922E6A200E2D71B /* RootPageViewController.swift */; };
		18AC66762922E6E000E2D71B /* MainViewController.swift in Sources */ = {isa = PBXBuildFile; fileRef = 18AC66752922E6E000E2D71B /* MainViewController.swift */; };
		18B8348C29246B5C003145AB /* HomeViewController.swift in Sources */ = {isa = PBXBuildFile; fileRef = 18B8348A29246B5C003145AB /* HomeViewController.swift */; };
		18B8348D29246B5C003145AB /* HomeViewController.xib in Resources */ = {isa = PBXBuildFile; fileRef = 18B8348B29246B5C003145AB /* HomeViewController.xib */; };
		18B8349029246B88003145AB /* VideosViewController.swift in Sources */ = {isa = PBXBuildFile; fileRef = 18B8348E29246B88003145AB /* VideosViewController.swift */; };
		18B8349129246B88003145AB /* VideosViewController.xib in Resources */ = {isa = PBXBuildFile; fileRef = 18B8348F29246B88003145AB /* VideosViewController.xib */; };
		18B8349429246BB3003145AB /* PlaylistsViewController.swift in Sources */ = {isa = PBXBuildFile; fileRef = 18B8349229246BB3003145AB /* PlaylistsViewController.swift */; };
		18B8349529246BB3003145AB /* PlaylistsViewController.xib in Resources */ = {isa = PBXBuildFile; fileRef = 18B8349329246BB3003145AB /* PlaylistsViewController.xib */; };
		18B8349829246BC5003145AB /* ChanelViewController.swift in Sources */ = {isa = PBXBuildFile; fileRef = 18B8349629246BC5003145AB /* ChanelViewController.swift */; };
		18B8349929246BC5003145AB /* ChanelViewController.xib in Resources */ = {isa = PBXBuildFile; fileRef = 18B8349729246BC5003145AB /* ChanelViewController.xib */; };
		18B8349D29246BF2003145AB /* AboutViewController.swift in Sources */ = {isa = PBXBuildFile; fileRef = 18B8349B29246BF2003145AB /* AboutViewController.swift */; };
		18B8349E29246BF2003145AB /* AboutViewController.xib in Resources */ = {isa = PBXBuildFile; fileRef = 18B8349C29246BF2003145AB /* AboutViewController.xib */; };
/* End PBXBuildFile section */

/* Begin PBXFileReference section */
		18963E47292BCFC600CC07F2 /* HomeProvider.swift */ = {isa = PBXFileReference; lastKnownFileType = sourcecode.swift; path = HomeProvider.swift; sourceTree = "<group>"; };
		18963E49292BD32500CC07F2 /* HomePresenter.swift */ = {isa = PBXFileReference; lastKnownFileType = sourcecode.swift; path = HomePresenter.swift; sourceTree = "<group>"; };
		18A0CF1D292545CE0042064A /* ServiceLayer.swift */ = {isa = PBXFileReference; lastKnownFileType = sourcecode.swift; path = ServiceLayer.swift; sourceTree = "<group>"; };
		18A0CF1F292545F10042064A /* NetworkError.swift */ = {isa = PBXFileReference; lastKnownFileType = sourcecode.swift; path = NetworkError.swift; sourceTree = "<group>"; };
		18A0CF21292547DD0042064A /* RequestModel.swift */ = {isa = PBXFileReference; lastKnownFileType = sourcecode.swift; path = RequestModel.swift; sourceTree = "<group>"; };
		18A0CF25292556EE0042064A /* Constants.swift */ = {isa = PBXFileReference; lastKnownFileType = sourcecode.swift; path = Constants.swift; sourceTree = "<group>"; };
		18AC6656291ED91D00E2D71B /* Youtube_Clon_Practica.app */ = {isa = PBXFileReference; explicitFileType = wrapper.application; includeInIndex = 0; path = Youtube_Clon_Practica.app; sourceTree = BUILT_PRODUCTS_DIR; };
		18AC6659291ED91D00E2D71B /* AppDelegate.swift */ = {isa = PBXFileReference; lastKnownFileType = sourcecode.swift; path = AppDelegate.swift; sourceTree = "<group>"; };
		18AC665B291ED91D00E2D71B /* SceneDelegate.swift */ = {isa = PBXFileReference; lastKnownFileType = sourcecode.swift; path = SceneDelegate.swift; sourceTree = "<group>"; };
		18AC665D291ED91D00E2D71B /* ViewController.swift */ = {isa = PBXFileReference; lastKnownFileType = sourcecode.swift; path = ViewController.swift; sourceTree = "<group>"; };
		18AC6660291ED91D00E2D71B /* Base */ = {isa = PBXFileReference; lastKnownFileType = file.storyboard; name = Base; path = Base.lproj/Main.storyboard; sourceTree = "<group>"; };
		18AC6662291ED92000E2D71B /* Assets.xcassets */ = {isa = PBXFileReference; lastKnownFileType = folder.assetcatalog; path = Assets.xcassets; sourceTree = "<group>"; };
		18AC6665291ED92000E2D71B /* Base */ = {isa = PBXFileReference; lastKnownFileType = file.storyboard; name = Base; path = Base.lproj/LaunchScreen.storyboard; sourceTree = "<group>"; };
		18AC6667291ED92000E2D71B /* Info.plist */ = {isa = PBXFileReference; lastKnownFileType = text.plist.xml; path = Info.plist; sourceTree = "<group>"; };
		18AC666F2922CF5300E2D71B /* PlaylistModel.swift */ = {isa = PBXFileReference; lastKnownFileType = sourcecode.swift; path = PlaylistModel.swift; sourceTree = "<group>"; };
		18AC66712922DDC000E2D71B /* VideoModel.swift */ = {isa = PBXFileReference; lastKnownFileType = sourcecode.swift; path = VideoModel.swift; sourceTree = "<group>"; };
		18AC66732922E6A200E2D71B /* RootPageViewController.swift */ = {isa = PBXFileReference; lastKnownFileType = sourcecode.swift; path = RootPageViewController.swift; sourceTree = "<group>"; };
		18AC66752922E6E000E2D71B /* MainViewController.swift */ = {isa = PBXFileReference; lastKnownFileType = sourcecode.swift; path = MainViewController.swift; sourceTree = "<group>"; };
		18B8348A29246B5C003145AB /* HomeViewController.swift */ = {isa = PBXFileReference; lastKnownFileType = sourcecode.swift; path = HomeViewController.swift; sourceTree = "<group>"; };
		18B8348B29246B5C003145AB /* HomeViewController.xib */ = {isa = PBXFileReference; lastKnownFileType = file.xib; path = HomeViewController.xib; sourceTree = "<group>"; };
		18B8348E29246B88003145AB /* VideosViewController.swift */ = {isa = PBXFileReference; lastKnownFileType = sourcecode.swift; path = VideosViewController.swift; sourceTree = "<group>"; };
		18B8348F29246B88003145AB /* VideosViewController.xib */ = {isa = PBXFileReference; lastKnownFileType = file.xib; path = VideosViewController.xib; sourceTree = "<group>"; };
		18B8349229246BB3003145AB /* PlaylistsViewController.swift */ = {isa = PBXFileReference; lastKnownFileType = sourcecode.swift; path = PlaylistsViewController.swift; sourceTree = "<group>"; };
		18B8349329246BB3003145AB /* PlaylistsViewController.xib */ = {isa = PBXFileReference; lastKnownFileType = file.xib; path = PlaylistsViewController.xib; sourceTree = "<group>"; };
		18B8349629246BC5003145AB /* ChanelViewController.swift */ = {isa = PBXFileReference; lastKnownFileType = sourcecode.swift; path = ChanelViewController.swift; sourceTree = "<group>"; };
		18B8349729246BC5003145AB /* ChanelViewController.xib */ = {isa = PBXFileReference; lastKnownFileType = file.xib; path = ChanelViewController.xib; sourceTree = "<group>"; };
		18B8349B29246BF2003145AB /* AboutViewController.swift */ = {isa = PBXFileReference; lastKnownFileType = sourcecode.swift; path = AboutViewController.swift; sourceTree = "<group>"; };
		18B8349C29246BF2003145AB /* AboutViewController.xib */ = {isa = PBXFileReference; lastKnownFileType = file.xib; path = AboutViewController.xib; sourceTree = "<group>"; };
/* End PBXFileReference section */

/* Begin PBXFrameworksBuildPhase section */
		18AC6653291ED91D00E2D71B /* Frameworks */ = {
			isa = PBXFrameworksBuildPhase;
			buildActionMask = 2147483647;
			files = (
			);
			runOnlyForDeploymentPostprocessing = 0;
		};
/* End PBXFrameworksBuildPhase section */

/* Begin PBXGroup section */
		18963E43292BCF7900CC07F2 /* Model */ = {
			isa = PBXGroup;
			children = (
				18963E46292BCFA900CC07F2 /* Provider */,
			);
			path = Model;
			sourceTree = "<group>";
		};
		18963E44292BCF8B00CC07F2 /* View */ = {
			isa = PBXGroup;
			children = (
				18B8348A29246B5C003145AB /* HomeViewController.swift */,
				18B8348B29246B5C003145AB /* HomeViewController.xib */,
			);
			path = View;
			sourceTree = "<group>";
		};
		18963E45292BCF9200CC07F2 /* Preseter */ = {
			isa = PBXGroup;
			children = (
				18963E49292BD32500CC07F2 /* HomePresenter.swift */,
			);
			path = Preseter;
			sourceTree = "<group>";
		};
		18963E46292BCFA900CC07F2 /* Provider */ = {
			isa = PBXGroup;
			children = (
				18963E47292BCFC600CC07F2 /* HomeProvider.swift */,
			);
			path = Provider;
			sourceTree = "<group>";
		};
		18A0CF1C292542880042064A /* ServiceLayer */ = {
			isa = PBXGroup;
			children = (
				18A0CF1D292545CE0042064A /* ServiceLayer.swift */,
				18A0CF1F292545F10042064A /* NetworkError.swift */,
				18A0CF21292547DD0042064A /* RequestModel.swift */,
			);
			path = ServiceLayer;
			sourceTree = "<group>";
		};
		18A0CF23292556B00042064A /* Utils */ = {
			isa = PBXGroup;
			children = (
				18A0CF25292556EE0042064A /* Constants.swift */,
			);
			path = Utils;
			sourceTree = "<group>";
		};
		18AC664D291ED91D00E2D71B = {
			isa = PBXGroup;
			children = (
				18AC6658291ED91D00E2D71B /* Youtube_Clon_Practica */,
				18AC6657291ED91D00E2D71B /* Products */,
			);
			sourceTree = "<group>";
		};
		18AC6657291ED91D00E2D71B /* Products */ = {
			isa = PBXGroup;
			children = (
				18AC6656291ED91D00E2D71B /* Youtube_Clon_Practica.app */,
			);
			name = Products;
			sourceTree = "<group>";
		};
		18AC6658291ED91D00E2D71B /* Youtube_Clon_Practica */ = {
			isa = PBXGroup;
			children = (
				18A0CF23292556B00042064A /* Utils */,
				18A0CF1C292542880042064A /* ServiceLayer */,
				18B8348929246B15003145AB /* About */,
				18B8348829246B0D003145AB /* Chanels */,
				18B8348629246ADD003145AB /* Playlist */,
				18B8348529246ACF003145AB /* Videos */,
				18B8348429246AC2003145AB /* Home */,
				18AC666E2922CF3500E2D71B /* Main */,
				18AC666D2922CF2400E2D71B /* Model */,
				18AC6659291ED91D00E2D71B /* AppDelegate.swift */,
				18AC665B291ED91D00E2D71B /* SceneDelegate.swift */,
				18AC665D291ED91D00E2D71B /* ViewController.swift */,
				18AC665F291ED91D00E2D71B /* Main.storyboard */,
				18AC6662291ED92000E2D71B /* Assets.xcassets */,
				18AC6664291ED92000E2D71B /* LaunchScreen.storyboard */,
				18AC6667291ED92000E2D71B /* Info.plist */,
			);
			path = Youtube_Clon_Practica;
			sourceTree = "<group>";
		};
		18AC666D2922CF2400E2D71B /* Model */ = {
			isa = PBXGroup;
			children = (
				18AC666F2922CF5300E2D71B /* PlaylistModel.swift */,
				18AC66712922DDC000E2D71B /* VideoModel.swift */,
			);
			path = Model;
			sourceTree = "<group>";
		};
		18AC666E2922CF3500E2D71B /* Main */ = {
			isa = PBXGroup;
			children = (
				18AC66732922E6A200E2D71B /* RootPageViewController.swift */,
				18AC66752922E6E000E2D71B /* MainViewController.swift */,
			);
			path = Main;
			sourceTree = "<group>";
		};
		18B8348429246AC2003145AB /* Home */ = {
			isa = PBXGroup;
			children = (
				18963E45292BCF9200CC07F2 /* Preseter */,
				18963E44292BCF8B00CC07F2 /* View */,
				18963E43292BCF7900CC07F2 /* Model */,
			);
			path = Home;
			sourceTree = "<group>";
		};
		18B8348529246ACF003145AB /* Videos */ = {
			isa = PBXGroup;
			children = (
				18B8348E29246B88003145AB /* VideosViewController.swift */,
				18B8348F29246B88003145AB /* VideosViewController.xib */,
			);
			path = Videos;
			sourceTree = "<group>";
		};
		18B8348629246ADD003145AB /* Playlist */ = {
			isa = PBXGroup;
			children = (
				18B8349229246BB3003145AB /* PlaylistsViewController.swift */,
				18B8349329246BB3003145AB /* PlaylistsViewController.xib */,
			);
			path = Playlist;
			sourceTree = "<group>";
		};
		18B8348829246B0D003145AB /* Chanels */ = {
			isa = PBXGroup;
			children = (
				18B8349629246BC5003145AB /* ChanelViewController.swift */,
				18B8349729246BC5003145AB /* ChanelViewController.xib */,
			);
			path = Chanels;
			sourceTree = "<group>";
		};
		18B8348929246B15003145AB /* About */ = {
			isa = PBXGroup;
			children = (
				18B8349B29246BF2003145AB /* AboutViewController.swift */,
				18B8349C29246BF2003145AB /* AboutViewController.xib */,
			);
			path = About;
			sourceTree = "<group>";
		};
/* End PBXGroup section */

/* Begin PBXNativeTarget section */
		18AC6655291ED91D00E2D71B /* Youtube_Clon_Practica */ = {
			isa = PBXNativeTarget;
			buildConfigurationList = 18AC666A291ED92000E2D71B /* Build configuration list for PBXNativeTarget "Youtube_Clon_Practica" */;
			buildPhases = (
				18AC6652291ED91D00E2D71B /* Sources */,
				18AC6653291ED91D00E2D71B /* Frameworks */,
				18AC6654291ED91D00E2D71B /* Resources */,
			);
			buildRules = (
			);
			dependencies = (
			);
			name = Youtube_Clon_Practica;
			productName = Youtube_Clon_Practica;
			productReference = 18AC6656291ED91D00E2D71B /* Youtube_Clon_Practica.app */;
			productType = "com.apple.product-type.application";
		};
/* End PBXNativeTarget section */

/* Begin PBXProject section */
		18AC664E291ED91D00E2D71B /* Project object */ = {
			isa = PBXProject;
			attributes = {
				BuildIndependentTargetsInParallel = 1;
				LastSwiftUpdateCheck = 1410;
				LastUpgradeCheck = 1410;
				TargetAttributes = {
					18AC6655291ED91D00E2D71B = {
						CreatedOnToolsVersion = 14.1;
					};
				};
			};
			buildConfigurationList = 18AC6651291ED91D00E2D71B /* Build configuration list for PBXProject "Youtube_Clon_Practica" */;
			compatibilityVersion = "Xcode 14.0";
			developmentRegion = en;
			hasScannedForEncodings = 0;
			knownRegions = (
				en,
				Base,
			);
			mainGroup = 18AC664D291ED91D00E2D71B;
			productRefGroup = 18AC6657291ED91D00E2D71B /* Products */;
			projectDirPath = "";
			projectRoot = "";
			targets = (
				18AC6655291ED91D00E2D71B /* Youtube_Clon_Practica */,
			);
		};
/* End PBXProject section */

/* Begin PBXResourcesBuildPhase section */
		18AC6654291ED91D00E2D71B /* Resources */ = {
			isa = PBXResourcesBuildPhase;
			buildActionMask = 2147483647;
			files = (
				18B8349529246BB3003145AB /* PlaylistsViewController.xib in Resources */,
				18AC6666291ED92000E2D71B /* LaunchScreen.storyboard in Resources */,
				18B8349E29246BF2003145AB /* AboutViewController.xib in Resources */,
				18AC6663291ED92000E2D71B /* Assets.xcassets in Resources */,
				18B8349129246B88003145AB /* VideosViewController.xib in Resources */,
				18B8349929246BC5003145AB /* ChanelViewController.xib in Resources */,
				18AC6661291ED91D00E2D71B /* Main.storyboard in Resources */,
				18B8348D29246B5C003145AB /* HomeViewController.xib in Resources */,
			);
			runOnlyForDeploymentPostprocessing = 0;
		};
/* End PBXResourcesBuildPhase section */

/* Begin PBXSourcesBuildPhase section */
		18AC6652291ED91D00E2D71B /* Sources */ = {
			isa = PBXSourcesBuildPhase;
			buildActionMask = 2147483647;
			files = (
				18B8349429246BB3003145AB /* PlaylistsViewController.swift in Sources */,
				18A0CF20292545F10042064A /* NetworkError.swift in Sources */,
				18B8349029246B88003145AB /* VideosViewController.swift in Sources */,
				18AC66762922E6E000E2D71B /* MainViewController.swift in Sources */,
				18AC665E291ED91D00E2D71B /* ViewController.swift in Sources */,
				18A0CF22292547DD0042064A /* RequestModel.swift in Sources */,
				18A0CF1E292545CE0042064A /* ServiceLayer.swift in Sources */,
				18A0CF26292556EE0042064A /* Constants.swift in Sources */,
				18AC66702922CF5300E2D71B /* PlaylistModel.swift in Sources */,
				18B8348C29246B5C003145AB /* HomeViewController.swift in Sources */,
				18B8349D29246BF2003145AB /* AboutViewController.swift in Sources */,
				18B8349829246BC5003145AB /* ChanelViewController.swift in Sources */,
				18AC665A291ED91D00E2D71B /* AppDelegate.swift in Sources */,
				18AC66742922E6A200E2D71B /* RootPageViewController.swift in Sources */,
				18963E48292BCFC600CC07F2 /* HomeProvider.swift in Sources */,
				18963E4A292BD32500CC07F2 /* HomePresenter.swift in Sources */,
				18AC66722922DDC000E2D71B /* VideoModel.swift in Sources */,
				18AC665C291ED91D00E2D71B /* SceneDelegate.swift in Sources */,
			);
			runOnlyForDeploymentPostprocessing = 0;
		};
/* End PBXSourcesBuildPhase section */

/* Begin PBXVariantGroup section */
		18AC665F291ED91D00E2D71B /* Main.storyboard */ = {
			isa = PBXVariantGroup;
			children = (
				18AC6660291ED91D00E2D71B /* Base */,
			);
			name = Main.storyboard;
			sourceTree = "<group>";
		};
		18AC6664291ED92000E2D71B /* LaunchScreen.storyboard */ = {
			isa = PBXVariantGroup;
			children = (
				18AC6665291ED92000E2D71B /* Base */,
			);
			name = LaunchScreen.storyboard;
			sourceTree = "<group>";
		};
/* End PBXVariantGroup section */

/* Begin XCBuildConfiguration section */
		18AC6668291ED92000E2D71B /* Debug */ = {
			isa = XCBuildConfiguration;
			buildSettings = {
				ALWAYS_SEARCH_USER_PATHS = NO;
				CLANG_ANALYZER_NONNULL = YES;
				CLANG_ANALYZER_NUMBER_OBJECT_CONVERSION = YES_AGGRESSIVE;
				CLANG_CXX_LANGUAGE_STANDARD = "gnu++20";
				CLANG_ENABLE_MODULES = YES;
				CLANG_ENABLE_OBJC_ARC = YES;
				CLANG_ENABLE_OBJC_WEAK = YES;
				CLANG_WARN_BLOCK_CAPTURE_AUTORELEASING = YES;
				CLANG_WARN_BOOL_CONVERSION = YES;
				CLANG_WARN_COMMA = YES;
				CLANG_WARN_CONSTANT_CONVERSION = YES;
				CLANG_WARN_DEPRECATED_OBJC_IMPLEMENTATIONS = YES;
				CLANG_WARN_DIRECT_OBJC_ISA_USAGE = YES_ERROR;
				CLANG_WARN_DOCUMENTATION_COMMENTS = YES;
				CLANG_WARN_EMPTY_BODY = YES;
				CLANG_WARN_ENUM_CONVERSION = YES;
				CLANG_WARN_INFINITE_RECURSION = YES;
				CLANG_WARN_INT_CONVERSION = YES;
				CLANG_WARN_NON_LITERAL_NULL_CONVERSION = YES;
				CLANG_WARN_OBJC_IMPLICIT_RETAIN_SELF = YES;
				CLANG_WARN_OBJC_LITERAL_CONVERSION = YES;
				CLANG_WARN_OBJC_ROOT_CLASS = YES_ERROR;
				CLANG_WARN_QUOTED_INCLUDE_IN_FRAMEWORK_HEADER = YES;
				CLANG_WARN_RANGE_LOOP_ANALYSIS = YES;
				CLANG_WARN_STRICT_PROTOTYPES = YES;
				CLANG_WARN_SUSPICIOUS_MOVE = YES;
				CLANG_WARN_UNGUARDED_AVAILABILITY = YES_AGGRESSIVE;
				CLANG_WARN_UNREACHABLE_CODE = YES;
				CLANG_WARN__DUPLICATE_METHOD_MATCH = YES;
				COPY_PHASE_STRIP = NO;
				DEBUG_INFORMATION_FORMAT = dwarf;
				ENABLE_STRICT_OBJC_MSGSEND = YES;
				ENABLE_TESTABILITY = YES;
				GCC_C_LANGUAGE_STANDARD = gnu11;
				GCC_DYNAMIC_NO_PIC = NO;
				GCC_NO_COMMON_BLOCKS = YES;
				GCC_OPTIMIZATION_LEVEL = 0;
				GCC_PREPROCESSOR_DEFINITIONS = (
					"DEBUG=1",
					"$(inherited)",
				);
				GCC_WARN_64_TO_32_BIT_CONVERSION = YES;
				GCC_WARN_ABOUT_RETURN_TYPE = YES_ERROR;
				GCC_WARN_UNDECLARED_SELECTOR = YES;
				GCC_WARN_UNINITIALIZED_AUTOS = YES_AGGRESSIVE;
				GCC_WARN_UNUSED_FUNCTION = YES;
				GCC_WARN_UNUSED_VARIABLE = YES;
				IPHONEOS_DEPLOYMENT_TARGET = 16.1;
				MTL_ENABLE_DEBUG_INFO = INCLUDE_SOURCE;
				MTL_FAST_MATH = YES;
				ONLY_ACTIVE_ARCH = YES;
				SDKROOT = iphoneos;
				SWIFT_ACTIVE_COMPILATION_CONDITIONS = DEBUG;
				SWIFT_OPTIMIZATION_LEVEL = "-Onone";
			};
			name = Debug;
		};
		18AC6669291ED92000E2D71B /* Release */ = {
			isa = XCBuildConfiguration;
			buildSettings = {
				ALWAYS_SEARCH_USER_PATHS = NO;
				CLANG_ANALYZER_NONNULL = YES;
				CLANG_ANALYZER_NUMBER_OBJECT_CONVERSION = YES_AGGRESSIVE;
				CLANG_CXX_LANGUAGE_STANDARD = "gnu++20";
				CLANG_ENABLE_MODULES = YES;
				CLANG_ENABLE_OBJC_ARC = YES;
				CLANG_ENABLE_OBJC_WEAK = YES;
				CLANG_WARN_BLOCK_CAPTURE_AUTORELEASING = YES;
				CLANG_WARN_BOOL_CONVERSION = YES;
				CLANG_WARN_COMMA = YES;
				CLANG_WARN_CONSTANT_CONVERSION = YES;
				CLANG_WARN_DEPRECATED_OBJC_IMPLEMENTATIONS = YES;
				CLANG_WARN_DIRECT_OBJC_ISA_USAGE = YES_ERROR;
				CLANG_WARN_DOCUMENTATION_COMMENTS = YES;
				CLANG_WARN_EMPTY_BODY = YES;
				CLANG_WARN_ENUM_CONVERSION = YES;
				CLANG_WARN_INFINITE_RECURSION = YES;
				CLANG_WARN_INT_CONVERSION = YES;
				CLANG_WARN_NON_LITERAL_NULL_CONVERSION = YES;
				CLANG_WARN_OBJC_IMPLICIT_RETAIN_SELF = YES;
				CLANG_WARN_OBJC_LITERAL_CONVERSION = YES;
				CLANG_WARN_OBJC_ROOT_CLASS = YES_ERROR;
				CLANG_WARN_QUOTED_INCLUDE_IN_FRAMEWORK_HEADER = YES;
				CLANG_WARN_RANGE_LOOP_ANALYSIS = YES;
				CLANG_WARN_STRICT_PROTOTYPES = YES;
				CLANG_WARN_SUSPICIOUS_MOVE = YES;
				CLANG_WARN_UNGUARDED_AVAILABILITY = YES_AGGRESSIVE;
				CLANG_WARN_UNREACHABLE_CODE = YES;
				CLANG_WARN__DUPLICATE_METHOD_MATCH = YES;
				COPY_PHASE_STRIP = NO;
				DEBUG_INFORMATION_FORMAT = "dwarf-with-dsym";
				ENABLE_NS_ASSERTIONS = NO;
				ENABLE_STRICT_OBJC_MSGSEND = YES;
				GCC_C_LANGUAGE_STANDARD = gnu11;
				GCC_NO_COMMON_BLOCKS = YES;
				GCC_WARN_64_TO_32_BIT_CONVERSION = YES;
				GCC_WARN_ABOUT_RETURN_TYPE = YES_ERROR;
				GCC_WARN_UNDECLARED_SELECTOR = YES;
				GCC_WARN_UNINITIALIZED_AUTOS = YES_AGGRESSIVE;
				GCC_WARN_UNUSED_FUNCTION = YES;
				GCC_WARN_UNUSED_VARIABLE = YES;
				IPHONEOS_DEPLOYMENT_TARGET = 16.1;
				MTL_ENABLE_DEBUG_INFO = NO;
				MTL_FAST_MATH = YES;
				SDKROOT = iphoneos;
				SWIFT_COMPILATION_MODE = wholemodule;
				SWIFT_OPTIMIZATION_LEVEL = "-O";
				VALIDATE_PRODUCT = YES;
			};
			name = Release;
		};
		18AC666B291ED92000E2D71B /* Debug */ = {
			isa = XCBuildConfiguration;
			buildSettings = {
				ASSETCATALOG_COMPILER_APPICON_NAME = AppIcon;
				ASSETCATALOG_COMPILER_GLOBAL_ACCENT_COLOR_NAME = AccentColor;
				CODE_SIGN_STYLE = Automatic;
				CURRENT_PROJECT_VERSION = 1;
				DEVELOPMENT_TEAM = 4PJJCY5U5K;
				GENERATE_INFOPLIST_FILE = YES;
				INFOPLIST_FILE = Youtube_Clon_Practica/Info.plist;
				INFOPLIST_KEY_UIApplicationSupportsIndirectInputEvents = YES;
				INFOPLIST_KEY_UILaunchStoryboardName = LaunchScreen;
				INFOPLIST_KEY_UIMainStoryboardFile = Main;
				INFOPLIST_KEY_UISupportedInterfaceOrientations = UIInterfaceOrientationPortrait;
				INFOPLIST_KEY_UISupportedInterfaceOrientations_iPad = "UIInterfaceOrientationLandscapeLeft UIInterfaceOrientationLandscapeRight UIInterfaceOrientationPortrait UIInterfaceOrientationPortraitUpsideDown";
				IPHONEOS_DEPLOYMENT_TARGET = 15.2;
				LD_RUNPATH_SEARCH_PATHS = (
					"$(inherited)",
					"@executable_path/Frameworks",
				);
				MARKETING_VERSION = 1.0;
				PRODUCT_BUNDLE_IDENTIFIER = "RJDev.Youtube-Clon-Practica";
				PRODUCT_NAME = "$(TARGET_NAME)";
				SUPPORTED_PLATFORMS = "iphoneos iphonesimulator";
				SUPPORTS_MACCATALYST = NO;
				SUPPORTS_MAC_DESIGNED_FOR_IPHONE_IPAD = NO;
				SWIFT_EMIT_LOC_STRINGS = YES;
				SWIFT_VERSION = 5.0;
				TARGETED_DEVICE_FAMILY = 1;
			};
			name = Debug;
		};
		18AC666C291ED92000E2D71B /* Release */ = {
			isa = XCBuildConfiguration;
			buildSettings = {
				ASSETCATALOG_COMPILER_APPICON_NAME = AppIcon;
				ASSETCATALOG_COMPILER_GLOBAL_ACCENT_COLOR_NAME = AccentColor;
				CODE_SIGN_STYLE = Automatic;
				CURRENT_PROJECT_VERSION = 1;
				DEVELOPMENT_TEAM = 4PJJCY5U5K;
				GENERATE_INFOPLIST_FILE = YES;
				INFOPLIST_FILE = Youtube_Clon_Practica/Info.plist;
				INFOPLIST_KEY_UIApplicationSupportsIndirectInputEvents = YES;
				INFOPLIST_KEY_UILaunchStoryboardName = LaunchScreen;
				INFOPLIST_KEY_UIMainStoryboardFile = Main;
				INFOPLIST_KEY_UISupportedInterfaceOrientations = UIInterfaceOrientationPortrait;
				INFOPLIST_KEY_UISupportedInterfaceOrientations_iPad = "UIInterfaceOrientationLandscapeLeft UIInterfaceOrientationLandscapeRight UIInterfaceOrientationPortrait UIInterfaceOrientationPortraitUpsideDown";
				IPHONEOS_DEPLOYMENT_TARGET = 15.2;
				LD_RUNPATH_SEARCH_PATHS = (
					"$(inherited)",
					"@executable_path/Frameworks",
				);
				MARKETING_VERSION = 1.0;
				PRODUCT_BUNDLE_IDENTIFIER = "RJDev.Youtube-Clon-Practica";
				PRODUCT_NAME = "$(TARGET_NAME)";
				SUPPORTED_PLATFORMS = "iphoneos iphonesimulator";
				SUPPORTS_MACCATALYST = NO;
				SUPPORTS_MAC_DESIGNED_FOR_IPHONE_IPAD = NO;
				SWIFT_EMIT_LOC_STRINGS = YES;
				SWIFT_VERSION = 5.0;
				TARGETED_DEVICE_FAMILY = 1;
			};
			name = Release;
		};
/* End XCBuildConfiguration section */

/* Begin XCConfigurationList section */
		18AC6651291ED91D00E2D71B /* Build configuration list for PBXProject "Youtube_Clon_Practica" */ = {
			isa = XCConfigurationList;
			buildConfigurations = (
				18AC6668291ED92000E2D71B /* Debug */,
				18AC6669291ED92000E2D71B /* Release */,
			);
			defaultConfigurationIsVisible = 0;
			defaultConfigurationName = Release;
		};
		18AC666A291ED92000E2D71B /* Build configuration list for PBXNativeTarget "Youtube_Clon_Practica" */ = {
			isa = XCConfigurationList;
			buildConfigurations = (
				18AC666B291ED92000E2D71B /* Debug */,
				18AC666C291ED92000E2D71B /* Release */,
			);
			defaultConfigurationIsVisible = 0;
			defaultConfigurationName = Release;
		};
/* End XCConfigurationList section */
	};
	rootObject = 18AC664E291ED91D00E2D71B /* Project object */;
}
